
Microsoft Visual Studio Solution File, Format Version 12.00
# Visual Studio 15
VisualStudioVersion = 15.0.28307.329
MinimumVisualStudioVersion = 10.0.40219.1
Project("{FAE04EC0-301F-11D3-BF4B-00C04F79EFBC}") = "CommonModule", "EncodingExtension\CommonModule.csproj", "{84A1BBB5-08D7-405E-A808-D94B747AED1D}"
EndProject
Project("{FAE04EC0-301F-11D3-BF4B-00C04F79EFBC}") = "InsuranceModule", "InsuranceModule\InsuranceModule.csproj", "{21610FB3-9001-4B05-B548-C2F77DC76727}"
EndProject
Project("{FAE04EC0-301F-11D3-BF4B-00C04F79EFBC}") = "InsuranceModuleTests", "InsuranceModuleTests\InsuranceModuleTests.csproj", "{34AC6528-FD22-49A5-B09F-9FC727BB53C5}"
EndProject
Global
	GlobalSection(SolutionConfigurationPlatforms) = preSolution
		Debug|Any CPU = Debug|Any CPU
		Release|Any CPU = Release|Any CPU
	EndGlobalSection
	GlobalSection(ProjectConfigurationPlatforms) = postSolution
		{84A1BBB5-08D7-405E-A808-D94B747AED1D}.Debug|Any CPU.ActiveCfg = Debug|Any CPU
		{84A1BBB5-08D7-405E-A808-D94B747AED1D}.Debug|Any CPU.Build.0 = Debug|Any CPU
		{84A1BBB5-08D7-405E-A808-D94B747AED1D}.Release|Any CPU.ActiveCfg = Release|Any CPU
		{84A1BBB5-08D7-405E-A808-D94B747AED1D}.Release|Any CPU.Build.0 = Release|Any CPU
		{21610FB3-9001-4B05-B548-C2F77DC76727}.Debug|Any CPU.ActiveCfg = Debug|Any CPU
		{21610FB3-9001-4B05-B548-C2F77DC76727}.Debug|Any CPU.Build.0 = Debug|Any CPU
		{21610FB3-9001-4B05-B548-C2F77DC76727}.Release|Any CPU.ActiveCfg = Release|Any CPU
		{21610FB3-9001-4B05-B548-C2F77DC76727}.Release|Any CPU.Build.0 = Release|Any CPU
		{34AC6528-FD22-49A5-B09F-9FC727BB53C5}.Debug|Any CPU.ActiveCfg = Debug|Any CPU
		{34AC6528-FD22-49A5-B09F-9FC727BB53C5}.Debug|Any CPU.Build.0 = Debug|Any CPU
		{34AC6528-FD22-49A5-B09F-9FC727BB53C5}.Release|Any CPU.ActiveCfg = Release|Any CPU
		{34AC6528-FD22-49A5-B09F-9FC727BB53C5}.Release|Any CPU.Build.0 = Release|Any CPU
	EndGlobalSection
	GlobalSection(SolutionProperties) = preSolution
		HideSolutionNode = FALSE
	EndGlobalSection
	GlobalSection(ExtensibilityGlobals) = postSolution
		SolutionGuid = {27037509-D2F7-446D-B895-86860CBBA3E8}
	EndGlobalSection
EndGlobal
